
Microsoft Visual Studio Solution File, Format Version 12.00
# Visual Studio Version 16
VisualStudioVersion = 16.0.29806.167
MinimumVisualStudioVersion = 10.0.40219.1
Project("{9A19103F-16F7-4668-BE54-9A1E7A4F7556}") = "BooruSharp", "BooruSharp\BooruSharp.csproj", "{76215AC0-5BEB-4B79-AE41-0027400900FB}"
EndProject
Project("{9A19103F-16F7-4668-BE54-9A1E7A4F7556}") = "BooruSharp.UnitTests", "BooruSharp.UnitTests\BooruSharp.UnitTests.csproj", "{2E4A5791-6CF6-4514-AED0-EBA120B6DE83}"
EndProject
Project("{FAE04EC0-301F-11D3-BF4B-00C04F79EFBC}") = "BooruSharp.Other", "BooruSharp.Other\BooruSharp.Other.csproj", "{A151CEAA-A3F9-4948-8B2D-321C36E9BB7E}"
EndProject
Global
	GlobalSection(SolutionConfigurationPlatforms) = preSolution
		Debug|Any CPU = Debug|Any CPU
		Release|Any CPU = Release|Any CPU
	EndGlobalSection
	GlobalSection(ProjectConfigurationPlatforms) = postSolution
		{76215AC0-5BEB-4B79-AE41-0027400900FB}.Debug|Any CPU.ActiveCfg = Debug|Any CPU
		{76215AC0-5BEB-4B79-AE41-0027400900FB}.Debug|Any CPU.Build.0 = Debug|Any CPU
		{76215AC0-5BEB-4B79-AE41-0027400900FB}.Release|Any CPU.ActiveCfg = Release|Any CPU
		{76215AC0-5BEB-4B79-AE41-0027400900FB}.Release|Any CPU.Build.0 = Release|Any CPU
		{2E4A5791-6CF6-4514-AED0-EBA120B6DE83}.Debug|Any CPU.ActiveCfg = Debug|Any CPU
		{2E4A5791-6CF6-4514-AED0-EBA120B6DE83}.Debug|Any CPU.Build.0 = Debug|Any CPU
		{2E4A5791-6CF6-4514-AED0-EBA120B6DE83}.Release|Any CPU.ActiveCfg = Release|Any CPU
		{2E4A5791-6CF6-4514-AED0-EBA120B6DE83}.Release|Any CPU.Build.0 = Release|Any CPU
		{A151CEAA-A3F9-4948-8B2D-321C36E9BB7E}.Debug|Any CPU.ActiveCfg = Debug|Any CPU
		{A151CEAA-A3F9-4948-8B2D-321C36E9BB7E}.Debug|Any CPU.Build.0 = Debug|Any CPU
		{A151CEAA-A3F9-4948-8B2D-321C36E9BB7E}.Release|Any CPU.ActiveCfg = Release|Any CPU
		{A151CEAA-A3F9-4948-8B2D-321C36E9BB7E}.Release|Any CPU.Build.0 = Release|Any CPU
	EndGlobalSection
	GlobalSection(SolutionProperties) = preSolution
		HideSolutionNode = FALSE
	EndGlobalSection
	GlobalSection(ExtensibilityGlobals) = postSolution
		SolutionGuid = {3505C1CB-900A-4D40-96A6-B87F1EF22367}
	EndGlobalSection
EndGlobal
